
Microsoft Visual Studio Solution File, Format Version 12.00
# Visual Studio Version 16
VisualStudioVersion = 16.0.31205.134
MinimumVisualStudioVersion = 10.0.40219.1
Project("{888888A0-9F3D-457C-B088-3A5042F75D52}") = "UDP_klienti", "UDP_klienti.pyproj", "{6909C04B-32F7-409D-81A5-1EB12710314A}"
EndProject
Global
	GlobalSection(SolutionConfigurationPlatforms) = preSolution
		Debug|Any CPU = Debug|Any CPU
		Release|Any CPU = Release|Any CPU
	EndGlobalSection
	GlobalSection(ProjectConfigurationPlatforms) = postSolution
		{6909C04B-32F7-409D-81A5-1EB12710314A}.Debug|Any CPU.ActiveCfg = Debug|Any CPU
		{6909C04B-32F7-409D-81A5-1EB12710314A}.Release|Any CPU.ActiveCfg = Release|Any CPU
	EndGlobalSection
	GlobalSection(SolutionProperties) = preSolution
		HideSolutionNode = FALSE
	EndGlobalSection
	GlobalSection(ExtensibilityGlobals) = postSolution
		SolutionGuid = {F9986BD3-D7D6-486C-9040-0A10A0EC642D}
	EndGlobalSection
EndGlobal
