
Microsoft Visual Studio Solution File, Format Version 12.00
# Visual Studio Version 16
VisualStudioVersion = 16.0.31205.134
MinimumVisualStudioVersion = 10.0.40219.1
Project("{888888A0-9F3D-457C-B088-3A5042F75D52}") = "TCP_Serveri", "TCP_Serveri.pyproj", "{85C37713-10DD-4C0C-96C9-684826498D00}"
EndProject
Global
	GlobalSection(SolutionConfigurationPlatforms) = preSolution
		Debug|Any CPU = Debug|Any CPU
		Release|Any CPU = Release|Any CPU
	EndGlobalSection
	GlobalSection(ProjectConfigurationPlatforms) = postSolution
		{85C37713-10DD-4C0C-96C9-684826498D00}.Debug|Any CPU.ActiveCfg = Debug|Any CPU
		{85C37713-10DD-4C0C-96C9-684826498D00}.Release|Any CPU.ActiveCfg = Release|Any CPU
	EndGlobalSection
	GlobalSection(SolutionProperties) = preSolution
		HideSolutionNode = FALSE
	EndGlobalSection
	GlobalSection(ExtensibilityGlobals) = postSolution
		SolutionGuid = {8420BCD4-9BE3-45EA-8C5B-237194792C99}
	EndGlobalSection
EndGlobal
